
Microsoft Visual Studio Solution File, Format Version 12.00
# Visual Studio Version 16
VisualStudioVersion = 16.0.29613.14
MinimumVisualStudioVersion = 10.0.40219.1
Project("{9A19103F-16F7-4668-BE54-9A1E7A4F7556}") = "WebSecure", "WebSecure\WebSecure.csproj", "{BDC6AEC5-39B5-4F8F-8A75-6DB511C85323}"
EndProject
Project("{9A19103F-16F7-4668-BE54-9A1E7A4F7556}") = "WebSecure.Models", "WebSecure.Models\WebSecure.Models.csproj", "{C19D8EE1-9F1B-44C6-AB6F-B5D0C8D08148}"
EndProject
Project("{9A19103F-16F7-4668-BE54-9A1E7A4F7556}") = "WebSecure.Repository", "WebSecure.Repository\WebSecure.Repository.csproj", "{5BA97793-7B8D-482B-BA9F-9C342E946AD9}"
EndProject
Project("{9A19103F-16F7-4668-BE54-9A1E7A4F7556}") = "WebSecure.ViewModel", "WebSecure.ViewModel\WebSecure.ViewModel.csproj", "{F17C0FCE-30FE-49B6-AF91-597499C81290}"
EndProject
Project("{2150E333-8FDC-42A3-9474-1A3956D46DE8}") = "Images", "Images", "{11D252DC-2F05-4033-BF5D-A97B2CAD169B}"
	ProjectSection(SolutionItems) = preProject
		..\..\..\Desktop\New folder (2)\1.png = ..\..\..\Desktop\New folder (2)\1.png
		..\..\..\Desktop\New folder (2)\10.png = ..\..\..\Desktop\New folder (2)\10.png
		..\..\..\Desktop\New folder (2)\11.png = ..\..\..\Desktop\New folder (2)\11.png
		..\..\..\Desktop\New folder (2)\12.png = ..\..\..\Desktop\New folder (2)\12.png
		..\..\..\Desktop\New folder (2)\13.png = ..\..\..\Desktop\New folder (2)\13.png
		..\..\..\Desktop\New folder (2)\2.png = ..\..\..\Desktop\New folder (2)\2.png
		..\..\..\Desktop\New folder (2)\3.png = ..\..\..\Desktop\New folder (2)\3.png
		..\..\..\Desktop\New folder (2)\4.png = ..\..\..\Desktop\New folder (2)\4.png
		..\..\..\Desktop\New folder (2)\5.png = ..\..\..\Desktop\New folder (2)\5.png
		..\..\..\Desktop\New folder (2)\6.png = ..\..\..\Desktop\New folder (2)\6.png
		..\..\..\Desktop\New folder (2)\7.png = ..\..\..\Desktop\New folder (2)\7.png
		..\..\..\Desktop\New folder (2)\8.png = ..\..\..\Desktop\New folder (2)\8.png
		..\..\..\Desktop\New folder (2)\9.png = ..\..\..\Desktop\New folder (2)\9.png
	EndProjectSection
EndProject
Global
	GlobalSection(SolutionConfigurationPlatforms) = preSolution
		Debug|Any CPU = Debug|Any CPU
		Release|Any CPU = Release|Any CPU
	EndGlobalSection
	GlobalSection(ProjectConfigurationPlatforms) = postSolution
		{BDC6AEC5-39B5-4F8F-8A75-6DB511C85323}.Debug|Any CPU.ActiveCfg = Debug|Any CPU
		{BDC6AEC5-39B5-4F8F-8A75-6DB511C85323}.Debug|Any CPU.Build.0 = Debug|Any CPU
		{BDC6AEC5-39B5-4F8F-8A75-6DB511C85323}.Release|Any CPU.ActiveCfg = Release|Any CPU
		{BDC6AEC5-39B5-4F8F-8A75-6DB511C85323}.Release|Any CPU.Build.0 = Release|Any CPU
		{C19D8EE1-9F1B-44C6-AB6F-B5D0C8D08148}.Debug|Any CPU.ActiveCfg = Debug|Any CPU
		{C19D8EE1-9F1B-44C6-AB6F-B5D0C8D08148}.Debug|Any CPU.Build.0 = Debug|Any CPU
		{C19D8EE1-9F1B-44C6-AB6F-B5D0C8D08148}.Release|Any CPU.ActiveCfg = Release|Any CPU
		{C19D8EE1-9F1B-44C6-AB6F-B5D0C8D08148}.Release|Any CPU.Build.0 = Release|Any CPU
		{5BA97793-7B8D-482B-BA9F-9C342E946AD9}.Debug|Any CPU.ActiveCfg = Debug|Any CPU
		{5BA97793-7B8D-482B-BA9F-9C342E946AD9}.Debug|Any CPU.Build.0 = Debug|Any CPU
		{5BA97793-7B8D-482B-BA9F-9C342E946AD9}.Release|Any CPU.ActiveCfg = Release|Any CPU
		{5BA97793-7B8D-482B-BA9F-9C342E946AD9}.Release|Any CPU.Build.0 = Release|Any CPU
		{F17C0FCE-30FE-49B6-AF91-597499C81290}.Debug|Any CPU.ActiveCfg = Debug|Any CPU
		{F17C0FCE-30FE-49B6-AF91-597499C81290}.Debug|Any CPU.Build.0 = Debug|Any CPU
		{F17C0FCE-30FE-49B6-AF91-597499C81290}.Release|Any CPU.ActiveCfg = Release|Any CPU
		{F17C0FCE-30FE-49B6-AF91-597499C81290}.Release|Any CPU.Build.0 = Release|Any CPU
	EndGlobalSection
	GlobalSection(SolutionProperties) = preSolution
		HideSolutionNode = FALSE
	EndGlobalSection
	GlobalSection(ExtensibilityGlobals) = postSolution
		SolutionGuid = {75A6CD3C-8490-40C9-BDE1-B18D14EFC13E}
	EndGlobalSection
EndGlobal
